
Microsoft Visual Studio Solution File, Format Version 12.00
# Visual Studio Version 17
VisualStudioVersion = 17.10.35013.160
MinimumVisualStudioVersion = 10.0.40219.1
Project("{FAE04EC0-301F-11D3-BF4B-00C04F79EFBC}") = "SalesWebAPIExercise", "SalesWebAPIExercise\SalesWebAPIExercise.csproj", "{D853A5EF-8779-48D2-9C9E-922B2BB7D554}"
EndProject
Global
	GlobalSection(SolutionConfigurationPlatforms) = preSolution
		Debug|Any CPU = Debug|Any CPU
		Release|Any CPU = Release|Any CPU
	EndGlobalSection
	GlobalSection(ProjectConfigurationPlatforms) = postSolution
		{D853A5EF-8779-48D2-9C9E-922B2BB7D554}.Debug|Any CPU.ActiveCfg = Debug|Any CPU
		{D853A5EF-8779-48D2-9C9E-922B2BB7D554}.Debug|Any CPU.Build.0 = Debug|Any CPU
		{D853A5EF-8779-48D2-9C9E-922B2BB7D554}.Release|Any CPU.ActiveCfg = Release|Any CPU
		{D853A5EF-8779-48D2-9C9E-922B2BB7D554}.Release|Any CPU.Build.0 = Release|Any CPU
	EndGlobalSection
	GlobalSection(SolutionProperties) = preSolution
		HideSolutionNode = FALSE
	EndGlobalSection
	GlobalSection(ExtensibilityGlobals) = postSolution
		SolutionGuid = {14D14536-13BE-4022-A70D-029358782709}
	EndGlobalSection
EndGlobal
